
Microsoft Visual Studio Solution File, Format Version 12.00
# Visual Studio Version 16
VisualStudioVersion = 16.0.30413.136
MinimumVisualStudioVersion = 10.0.40219.1
Project("{8BC9CEB8-8B4A-11D0-8D11-00A0C91BC942}") = "checkVowel", "checkVowel\checkVowel.vcxproj", "{156AEF3E-A8F9-4A0E-A085-096E0789BE80}"
EndProject
Global
	GlobalSection(SolutionConfigurationPlatforms) = preSolution
		Debug|x64 = Debug|x64
		Debug|x86 = Debug|x86
		Release|x64 = Release|x64
		Release|x86 = Release|x86
	EndGlobalSection
	GlobalSection(ProjectConfigurationPlatforms) = postSolution
		{156AEF3E-A8F9-4A0E-A085-096E0789BE80}.Debug|x64.ActiveCfg = Debug|x64
		{156AEF3E-A8F9-4A0E-A085-096E0789BE80}.Debug|x64.Build.0 = Debug|x64
		{156AEF3E-A8F9-4A0E-A085-096E0789BE80}.Debug|x86.ActiveCfg = Debug|Win32
		{156AEF3E-A8F9-4A0E-A085-096E0789BE80}.Debug|x86.Build.0 = Debug|Win32
		{156AEF3E-A8F9-4A0E-A085-096E0789BE80}.Release|x64.ActiveCfg = Release|x64
		{156AEF3E-A8F9-4A0E-A085-096E0789BE80}.Release|x64.Build.0 = Release|x64
		{156AEF3E-A8F9-4A0E-A085-096E0789BE80}.Release|x86.ActiveCfg = Release|Win32
		{156AEF3E-A8F9-4A0E-A085-096E0789BE80}.Release|x86.Build.0 = Release|Win32
	EndGlobalSection
	GlobalSection(SolutionProperties) = preSolution
		HideSolutionNode = FALSE
	EndGlobalSection
	GlobalSection(ExtensibilityGlobals) = postSolution
		SolutionGuid = {6D9CBA52-6BB2-4CC8-AC8D-21BED1409A74}
	EndGlobalSection
EndGlobal
